<?xml version="1.0" encoding="utf-8"?>
<Project ToolsVersion="4.0" xmlns="http://schemas.microsoft.com/developer/msbuild/2003">
  <ItemGroup>
    <Filter Include="Source Files">
      <UniqueIdentifier>{4FC737F1-C7A5-4376-A066-2A32D752A2FF}</UniqueIdentifier>
      <Extensions>cpp;c;cc;cxx;def;odl;idl;hpj;bat;asm;asmx</Extensions>
    </Filter>
    <Filter Include="Header Files">
      <UniqueIdentifier>{93995380-89BD-4b04-88EB-625FBE52EBFB}</UniqueIdentifier>
      <Extensions>h;hh;hpp;hxx;hm;inl;inc;ipp;xsd</Extensions>
    </Filter>
    <Filter Include="Resource Files">
      <UniqueIdentifier>{67DA6AB6-F800-4c08-8B7A-83BB121AAD01}</UniqueIdentifier>
      <Extensions>rc;ico;cur;bmp;dlg;rc2;rct;bin;rgs;gif;jpg;jpeg;jpe;resx;tiff;tif;png;wav;mfcribbon-ms</Extensions>
    </Filter>
    <Filter Include="Base">
      <UniqueIdentifier>{f1150f32-d035-42f8-bfc0-60a094129330}</UniqueIdentifier>
    </Filter>
    <Filter Include="Base\HeaderFiles">
      <UniqueIdentifier>{42a0d4da-ecf9-41f4-9f1c-5896b0078bf2}</UniqueIdentifier>
    </Filter>
    <Filter Include="Base\SourceFiles">
      <UniqueIdentifier>{33bd3455-a2d5-4899-a1e3-9141dc2553f5}</UniqueIdentifier>
    </Filter>
    <Filter Include="Common">
      <UniqueIdentifier>{86a73297-242f-49f6-be98-f5ec2287c040}</UniqueIdentifier>
    </Filter>
    <Filter Include="Common\Header Files">
      <UniqueIdentifier>{916738b8-b58b-477b-976e-0178ae1094e3}</UniqueIdentifier>
    </Filter>
    <Filter Include="Common\Source Files">
      <UniqueIdentifier>{0825d07d-12ab-4f19-b89d-6c06fbb354a2}</UniqueIdentifier>
    </Filter>
    <Filter Include="TankDrive">
      <UniqueIdentifier>{927dc43f-1f3f-46db-ac5a-ae5e8522799f}</UniqueIdentifier>
    </Filter>
  </ItemGroup>
  <ItemGroup>
    <ClCompile Include="..\..\main\cpp\Base\EventMap.cpp">
      <Filter>Base\SourceFiles</Filter>
    </ClCompile>
    <ClCompile Include="..\..\main\cpp\Base\JoystickBinder.cpp">
      <Filter>Base\SourceFiles</Filter>
    </ClCompile>
    <ClCompile Include="..\..\main\cpp\Base\LUA.cpp">
      <Filter>Base\SourceFiles</Filter>
    </ClCompile>
    <ClCompile Include="..\..\main\cpp\Base\Misc.cpp">
      <Filter>Base\SourceFiles</Filter>
    </ClCompile>
    <ClCompile Include="..\..\main\cpp\Base\Script.cpp">
      <Filter>Base\SourceFiles</Filter>
    </ClCompile>
    <ClCompile Include="..\..\main\cpp\Base\Time_Type.cpp">
      <Filter>Base\SourceFiles</Filter>
    </ClCompile>
    <ClCompile Include="..\..\main\cpp\Common\AI_Base_Controller.cpp">
      <Filter>Common\Source Files</Filter>
    </ClCompile>
    <ClCompile Include="..\..\main\cpp\Common\Calibration_Testing.cpp">
      <Filter>Common\Source Files</Filter>
    </ClCompile>
    <ClCompile Include="..\..\main\cpp\Common\Debug.cpp">
      <Filter>Common\Source Files</Filter>
    </ClCompile>
    <ClCompile Include="..\..\main\cpp\Common\Entity_Properties.cpp">
      <Filter>Common\Source Files</Filter>
    </ClCompile>
    <ClCompile Include="..\..\main\cpp\Common\Entity2D.cpp">
      <Filter>Common\Source Files</Filter>
    </ClCompile>
    <ClCompile Include="..\..\main\cpp\Common\Goal.cpp">
      <Filter>Common\Source Files</Filter>
    </ClCompile>
    <ClCompile Include="..\..\main\cpp\Common\InOut_Interface.cpp">
      <Filter>Common\Source Files</Filter>
    </ClCompile>
    <ClCompile Include="..\..\main\cpp\Common\Physics_1D.cpp">
      <Filter>Common\Source Files</Filter>
    </ClCompile>
    <ClCompile Include="..\..\main\cpp\Common\Physics_2D.cpp">
      <Filter>Common\Source Files</Filter>
    </ClCompile>
    <ClCompile Include="..\..\main\cpp\Common\PIDController.cpp">
      <Filter>Common\Source Files</Filter>
    </ClCompile>
    <ClCompile Include="..\..\main\cpp\Common\Robot_Control_Common.cpp">
      <Filter>Common\Source Files</Filter>
    </ClCompile>
    <ClCompile Include="..\..\main\cpp\Common\Rotary_System.cpp">
      <Filter>Common\Source Files</Filter>
    </ClCompile>
    <ClCompile Include="..\..\main\cpp\Common\Servo_System.cpp">
      <Filter>Common\Source Files</Filter>
    </ClCompile>
    <ClCompile Include="..\..\main\cpp\Common\Ship.cpp">
      <Filter>Common\Source Files</Filter>
    </ClCompile>
    <ClCompile Include="..\..\main\cpp\Common\Ship_1D.cpp">
      <Filter>Common\Source Files</Filter>
    </ClCompile>
    <ClCompile Include="..\..\main\cpp\Common\UI_Controller.cpp">
      <Filter>Common\Source Files</Filter>
    </ClCompile>
    <ClCompile Include="..\..\main\cpp\Common\Vehicle_Drive.cpp">
      <Filter>Common\Source Files</Filter>
    </ClCompile>
    <ClCompile Include="..\..\main\cpp\TankDrive\Tank_Robot.cpp">
      <Filter>TankDrive</Filter>
    </ClCompile>
    <ClCompile Include="..\..\main\cpp\TankDrive\Tank_Robot2.cpp">
      <Filter>TankDrive</Filter>
    </ClCompile>
  </ItemGroup>
  <ItemGroup>
    <ClInclude Include="..\..\main\cpp\Base\Base_Includes.h">
      <Filter>Base\HeaderFiles</Filter>
    </ClInclude>
    <ClInclude Include="..\..\main\cpp\Base\Event.h">
      <Filter>Base\HeaderFiles</Filter>
    </ClInclude>
    <ClInclude Include="..\..\main\cpp\Base\EventMap.h">
      <Filter>Base\HeaderFiles</Filter>
    </ClInclude>
    <ClInclude Include="..\..\main\cpp\Base\Joystick.h">
      <Filter>Base\HeaderFiles</Filter>
    </ClInclude>
    <ClInclude Include="..\..\main\cpp\Base\JoystickBinder.h">
      <Filter>Base\HeaderFiles</Filter>
    </ClInclude>
    <ClInclude Include="..\..\main\cpp\Base\LUA.h">
      <Filter>Base\HeaderFiles</Filter>
    </ClInclude>
    <ClInclude Include="..\..\main\cpp\Base\Misc.h">
      <Filter>Base\HeaderFiles</Filter>
    </ClInclude>
    <ClInclude Include="..\..\main\cpp\Base\Script.h">
      <Filter>Base\HeaderFiles</Filter>
    </ClInclude>
    <ClInclude Include="..\..\main\cpp\Base\Time_Type.h">
      <Filter>Base\HeaderFiles</Filter>
    </ClInclude>
    <ClInclude Include="..\..\main\cpp\Base\Vec2d.h">
      <Filter>Base\HeaderFiles</Filter>
    </ClInclude>
    <ClInclude Include="..\..\main\cpp\Common\AI_Base_Controller.h">
      <Filter>Common\Header Files</Filter>
    </ClInclude>
    <ClInclude Include="..\..\main\cpp\Common\Calibration_Testing.h">
      <Filter>Common\Header Files</Filter>
    </ClInclude>
    <ClInclude Include="..\..\main\cpp\Common\Debug.h">
      <Filter>Common\Header Files</Filter>
    </ClInclude>
    <ClInclude Include="..\..\main\cpp\Common\Entity_Properties.h">
      <Filter>Common\Header Files</Filter>
    </ClInclude>
    <ClInclude Include="..\..\main\cpp\Common\Entity2D.h">
      <Filter>Common\Header Files</Filter>
    </ClInclude>
    <ClInclude Include="..\..\main\cpp\Common\Goal.h">
      <Filter>Common\Header Files</Filter>
    </ClInclude>
    <ClInclude Include="..\..\main\cpp\Common\InOut_Interface.h">
      <Filter>Common\Header Files</Filter>
    </ClInclude>
    <ClInclude Include="..\..\main\cpp\Common\Physics_1D.h">
      <Filter>Common\Header Files</Filter>
    </ClInclude>
    <ClInclude Include="..\..\main\cpp\Common\Physics_2D.h">
      <Filter>Common\Header Files</Filter>
    </ClInclude>
    <ClInclude Include="..\..\main\cpp\Common\PIDController.h">
      <Filter>Common\Header Files</Filter>
    </ClInclude>
    <ClInclude Include="..\..\main\cpp\Common\Poly.h">
      <Filter>Common\Header Files</Filter>
    </ClInclude>
    <ClInclude Include="..\..\main\cpp\Common\Robot_Control_Common.h">
      <Filter>Common\Header Files</Filter>
    </ClInclude>
    <ClInclude Include="..\..\main\cpp\Common\Robot_Control_Interface.h">
      <Filter>Common\Header Files</Filter>
    </ClInclude>
    <ClInclude Include="..\..\main\cpp\Common\Rotary_System.h">
      <Filter>Common\Header Files</Filter>
    </ClInclude>
    <ClInclude Include="..\..\main\cpp\Common\Servo_System.h">
      <Filter>Common\Header Files</Filter>
    </ClInclude>
    <ClInclude Include="..\..\main\cpp\Common\Ship.h">
      <Filter>Common\Header Files</Filter>
    </ClInclude>
    <ClInclude Include="..\..\main\cpp\Common\Ship_1D.h">
      <Filter>Common\Header Files</Filter>
    </ClInclude>
    <ClInclude Include="..\..\main\cpp\Common\SmartDashboard.h">
      <Filter>Common\Header Files</Filter>
    </ClInclude>
    <ClInclude Include="..\..\main\cpp\Common\UI_Controller.h">
      <Filter>Common\Header Files</Filter>
    </ClInclude>
    <ClInclude Include="..\..\main\cpp\Common\Vehicle_Drive.h">
      <Filter>Common\Header Files</Filter>
    </ClInclude>
    <ClInclude Include="..\..\main\cpp\TankDrive\Tank_Robot.h">
      <Filter>TankDrive</Filter>
    </ClInclude>
    <ClInclude Include="..\..\main\cpp\TankDrive\Tank_Robot2.h">
      <Filter>TankDrive</Filter>
    </ClInclude>
  </ItemGroup>
</Project>